// !$*UTF8*$!
{
	archiveVersion = 1;
	classes = {
	};
	objectVersion = 50;
	objects = {

/* Begin PBXBuildFile section */
		E4239389D4CF6EE854587591 /* Pods_GitTask.framework in Frameworks */ = {isa = PBXBuildFile; fileRef = F10AA6D557F9506A125F9C1D /* Pods_GitTask.framework */; };
		F5921F8826FB10B8001057AF /* AppDelegate.swift in Sources */ = {isa = PBXBuildFile; fileRef = F5921F8726FB10B8001057AF /* AppDelegate.swift */; };
		F5921F8A26FB10B8001057AF /* SceneDelegate.swift in Sources */ = {isa = PBXBuildFile; fileRef = F5921F8926FB10B8001057AF /* SceneDelegate.swift */; };
		F5921F8F26FB10B8001057AF /* Main.storyboard in Resources */ = {isa = PBXBuildFile; fileRef = F5921F8D26FB10B8001057AF /* Main.storyboard */; };
		F5921F9126FB10BA001057AF /* Assets.xcassets in Resources */ = {isa = PBXBuildFile; fileRef = F5921F9026FB10BA001057AF /* Assets.xcassets */; };
		F5921F9426FB10BA001057AF /* LaunchScreen.storyboard in Resources */ = {isa = PBXBuildFile; fileRef = F5921F9226FB10BA001057AF /* LaunchScreen.storyboard */; };
/* End PBXBuildFile section */

/* Begin PBXFileReference section */
		3B56B6B30FB6600D52E59D75 /* Pods-GitTask.release.xcconfig */ = {isa = PBXFileReference; includeInIndex = 1; lastKnownFileType = text.xcconfig; name = "Pods-GitTask.release.xcconfig"; path = "Target Support Files/Pods-GitTask/Pods-GitTask.release.xcconfig"; sourceTree = "<group>"; };
		84DCB5ADEBDFC34E735FDDD6 /* Pods-GitTask.debug.xcconfig */ = {isa = PBXFileReference; includeInIndex = 1; lastKnownFileType = text.xcconfig; name = "Pods-GitTask.debug.xcconfig"; path = "Target Support Files/Pods-GitTask/Pods-GitTask.debug.xcconfig"; sourceTree = "<group>"; };
		F10AA6D557F9506A125F9C1D /* Pods_GitTask.framework */ = {isa = PBXFileReference; explicitFileType = wrapper.framework; includeInIndex = 0; path = Pods_GitTask.framework; sourceTree = BUILT_PRODUCTS_DIR; };
		F5921F8426FB10B8001057AF /* GitTask.app */ = {isa = PBXFileReference; explicitFileType = wrapper.application; includeInIndex = 0; path = GitTask.app; sourceTree = BUILT_PRODUCTS_DIR; };
		F5921F8726FB10B8001057AF /* AppDelegate.swift */ = {isa = PBXFileReference; lastKnownFileType = sourcecode.swift; path = AppDelegate.swift; sourceTree = "<group>"; };
		F5921F8926FB10B8001057AF /* SceneDelegate.swift */ = {isa = PBXFileReference; lastKnownFileType = sourcecode.swift; path = SceneDelegate.swift; sourceTree = "<group>"; };
		F5921F8E26FB10B8001057AF /* Base */ = {isa = PBXFileReference; lastKnownFileType = file.storyboard; name = Base; path = Base.lproj/Main.storyboard; sourceTree = "<group>"; };
		F5921F9026FB10BA001057AF /* Assets.xcassets */ = {isa = PBXFileReference; lastKnownFileType = folder.assetcatalog; path = Assets.xcassets; sourceTree = "<group>"; };
		F5921F9326FB10BA001057AF /* Base */ = {isa = PBXFileReference; lastKnownFileType = file.storyboard; name = Base; path = Base.lproj/LaunchScreen.storyboard; sourceTree = "<group>"; };
		F5921F9526FB10BA001057AF /* Info.plist */ = {isa = PBXFileReference; lastKnownFileType = text.plist.xml; path = Info.plist; sourceTree = "<group>"; };
/* End PBXFileReference section */

/* Begin PBXFrameworksBuildPhase section */
		F5921F8126FB10B8001057AF /* Frameworks */ = {
			isa = PBXFrameworksBuildPhase;
			buildActionMask = 2147483647;
			files = (
				E4239389D4CF6EE854587591 /* Pods_GitTask.framework in Frameworks */,
			);
			runOnlyForDeploymentPostprocessing = 0;
		};
/* End PBXFrameworksBuildPhase section */

/* Begin PBXGroup section */
		5B21FC6A2A2F08BB009D1BB1 /* Pods */ = {
			isa = PBXGroup;
			children = (
				84DCB5ADEBDFC34E735FDDD6 /* Pods-GitTask.debug.xcconfig */,
				3B56B6B30FB6600D52E59D75 /* Pods-GitTask.release.xcconfig */,
			);
			name = Pods;
			path = Pods;
			sourceTree = "<group>";
		};
		B5A617E8BFA8666221A178ED /* Frameworks */ = {
			isa = PBXGroup;
			children = (
				F10AA6D557F9506A125F9C1D /* Pods_GitTask.framework */,
			);
			name = Frameworks;
			sourceTree = "<group>";
		};
		F5921F7B26FB10B8001057AF = {
			isa = PBXGroup;
			children = (
				F5921F8626FB10B8001057AF /* GitTask */,
				F5921F8526FB10B8001057AF /* Products */,
				5B21FC6A2A2F08BB009D1BB1 /* Pods */,
				B5A617E8BFA8666221A178ED /* Frameworks */,
			);
			sourceTree = "<group>";
		};
		F5921F8526FB10B8001057AF /* Products */ = {
			isa = PBXGroup;
			children = (
				F5921F8426FB10B8001057AF /* GitTask.app */,
			);
			name = Products;
			sourceTree = "<group>";
		};
		F5921F8626FB10B8001057AF /* GitTask */ = {
			isa = PBXGroup;
			children = (
				F5921F8726FB10B8001057AF /* AppDelegate.swift */,
				F5921F8926FB10B8001057AF /* SceneDelegate.swift */,
				F5921F8D26FB10B8001057AF /* Main.storyboard */,
				F5921F9026FB10BA001057AF /* Assets.xcassets */,
				F5921F9226FB10BA001057AF /* LaunchScreen.storyboard */,
				F5921F9526FB10BA001057AF /* Info.plist */,
			);
			path = GitTask;
			sourceTree = "<group>";
		};
/* End PBXGroup section */

/* Begin PBXNativeTarget section */
		F5921F8326FB10B8001057AF /* GitTask */ = {
			isa = PBXNativeTarget;
			buildConfigurationList = F5921F9826FB10BA001057AF /* Build configuration list for PBXNativeTarget "GitTask" */;
			buildPhases = (
				8B78D1B1F82DB0318E2BDE60 /* [CP] Check Pods Manifest.lock */,
				F5921F8026FB10B8001057AF /* Sources */,
				F5921F8126FB10B8001057AF /* Frameworks */,
				F5921F8226FB10B8001057AF /* Resources */,
				4DAE30F4B0DE0D98D3F7E5FB /* [CP] Embed Pods Frameworks */,
			);
			buildRules = (
			);
			dependencies = (
			);
			name = GitTask;
			productName = GitTask;
			productReference = F5921F8426FB10B8001057AF /* GitTask.app */;
			productType = "com.apple.product-type.application";
		};
/* End PBXNativeTarget section */

/* Begin PBXProject section */
		F5921F7C26FB10B8001057AF /* Project object */ = {
			isa = PBXProject;
			attributes = {
				LastSwiftUpdateCheck = 1250;
				LastUpgradeCheck = 1250;
				TargetAttributes = {
					F5921F8326FB10B8001057AF = {
						CreatedOnToolsVersion = 12.5.1;
					};
				};
			};
			buildConfigurationList = F5921F7F26FB10B8001057AF /* Build configuration list for PBXProject "GitTask" */;
			compatibilityVersion = "Xcode 9.3";
			developmentRegion = en;
			hasScannedForEncodings = 0;
			knownRegions = (
				en,
				Base,
			);
			mainGroup = F5921F7B26FB10B8001057AF;
			productRefGroup = F5921F8526FB10B8001057AF /* Products */;
			projectDirPath = "";
			projectRoot = "";
			targets = (
				F5921F8326FB10B8001057AF /* GitTask */,
			);
		};
/* End PBXProject section */

/* Begin PBXResourcesBuildPhase section */
		F5921F8226FB10B8001057AF /* Resources */ = {
			isa = PBXResourcesBuildPhase;
			buildActionMask = 2147483647;
			files = (
				F5921F9426FB10BA001057AF /* LaunchScreen.storyboard in Resources */,
				F5921F9126FB10BA001057AF /* Assets.xcassets in Resources */,
				F5921F8F26FB10B8001057AF /* Main.storyboard in Resources */,
			);
			runOnlyForDeploymentPostprocessing = 0;
		};
/* End PBXResourcesBuildPhase section */

/* Begin PBXShellScriptBuildPhase section */
		4DAE30F4B0DE0D98D3F7E5FB /* [CP] Embed Pods Frameworks */ = {
			isa = PBXShellScriptBuildPhase;
			buildActionMask = 2147483647;
			files = (
			);
			inputFileListPaths = (
				"${PODS_ROOT}/Target Support Files/Pods-GitTask/Pods-GitTask-frameworks-${CONFIGURATION}-input-files.xcfilelist",
			);
			name = "[CP] Embed Pods Frameworks";
			outputFileListPaths = (
				"${PODS_ROOT}/Target Support Files/Pods-GitTask/Pods-GitTask-frameworks-${CONFIGURATION}-output-files.xcfilelist",
			);
			runOnlyForDeploymentPostprocessing = 0;
			shellPath = /bin/sh;
			shellScript = "\"${PODS_ROOT}/Target Support Files/Pods-GitTask/Pods-GitTask-frameworks.sh\"\n";
			showEnvVarsInLog = 0;
		};
		8B78D1B1F82DB0318E2BDE60 /* [CP] Check Pods Manifest.lock */ = {
			isa = PBXShellScriptBuildPhase;
			buildActionMask = 2147483647;
			files = (
			);
			inputFileListPaths = (
			);
			inputPaths = (
				"${PODS_PODFILE_DIR_PATH}/Podfile.lock",
				"${PODS_ROOT}/Manifest.lock",
			);
			name = "[CP] Check Pods Manifest.lock";
			outputFileListPaths = (
			);
			outputPaths = (
				"$(DERIVED_FILE_DIR)/Pods-GitTask-checkManifestLockResult.txt",
			);
			runOnlyForDeploymentPostprocessing = 0;
			shellPath = /bin/sh;
			shellScript = "diff \"${PODS_PODFILE_DIR_PATH}/Podfile.lock\" \"${PODS_ROOT}/Manifest.lock\" > /dev/null\nif [ $? != 0 ] ; then\n    # print error to STDERR\n    echo \"error: The sandbox is not in sync with the Podfile.lock. Run 'pod install' or update your CocoaPods installation.\" >&2\n    exit 1\nfi\n# This output is used by Xcode 'outputs' to avoid re-running this script phase.\necho \"SUCCESS\" > \"${SCRIPT_OUTPUT_FILE_0}\"\n";
			showEnvVarsInLog = 0;
		};
/* End PBXShellScriptBuildPhase section */

/* Begin PBXSourcesBuildPhase section */
		F5921F8026FB10B8001057AF /* Sources */ = {
			isa = PBXSourcesBuildPhase;
			buildActionMask = 2147483647;
			files = (
				F5921F8826FB10B8001057AF /* AppDelegate.swift in Sources */,
				F5921F8A26FB10B8001057AF /* SceneDelegate.swift in Sources */,
			);
			runOnlyForDeploymentPostprocessing = 0;
		};
/* End PBXSourcesBuildPhase section */

/* Begin PBXVariantGroup section */
		F5921F8D26FB10B8001057AF /* Main.storyboard */ = {
			isa = PBXVariantGroup;
			children = (
				F5921F8E26FB10B8001057AF /* Base */,
			);
			name = Main.storyboard;
			sourceTree = "<group>";
		};
		F5921F9226FB10BA001057AF /* LaunchScreen.storyboard */ = {
			isa = PBXVariantGroup;
			children = (
				F5921F9326FB10BA001057AF /* Base */,
			);
			name = LaunchScreen.storyboard;
			sourceTree = "<group>";
		};
/* End PBXVariantGroup section */

/* Begin XCBuildConfiguration section */
		F5921F9626FB10BA001057AF /* Debug */ = {
			isa = XCBuildConfiguration;
			buildSettings = {
				ALWAYS_SEARCH_USER_PATHS = NO;
				CLANG_ANALYZER_NONNULL = YES;
				CLANG_ANALYZER_NUMBER_OBJECT_CONVERSION = YES_AGGRESSIVE;
				CLANG_CXX_LANGUAGE_STANDARD = "gnu++14";
				CLANG_CXX_LIBRARY = "libc++";
				CLANG_ENABLE_MODULES = YES;
				CLANG_ENABLE_OBJC_ARC = YES;
				CLANG_ENABLE_OBJC_WEAK = YES;
				CLANG_WARN_BLOCK_CAPTURE_AUTORELEASING = YES;
				CLANG_WARN_BOOL_CONVERSION = YES;
				CLANG_WARN_COMMA = YES;
				CLANG_WARN_CONSTANT_CONVERSION = YES;
				CLANG_WARN_DEPRECATED_OBJC_IMPLEMENTATIONS = YES;
				CLANG_WARN_DIRECT_OBJC_ISA_USAGE = YES_ERROR;
				CLANG_WARN_DOCUMENTATION_COMMENTS = YES;
				CLANG_WARN_EMPTY_BODY = YES;
				CLANG_WARN_ENUM_CONVERSION = YES;
				CLANG_WARN_INFINITE_RECURSION = YES;
				CLANG_WARN_INT_CONVERSION = YES;
				CLANG_WARN_NON_LITERAL_NULL_CONVERSION = YES;
				CLANG_WARN_OBJC_IMPLICIT_RETAIN_SELF = YES;
				CLANG_WARN_OBJC_LITERAL_CONVERSION = YES;
				CLANG_WARN_OBJC_ROOT_CLASS = YES_ERROR;
				CLANG_WARN_QUOTED_INCLUDE_IN_FRAMEWORK_HEADER = YES;
				CLANG_WARN_RANGE_LOOP_ANALYSIS = YES;
				CLANG_WARN_STRICT_PROTOTYPES = YES;
				CLANG_WARN_SUSPICIOUS_MOVE = YES;
				CLANG_WARN_UNGUARDED_AVAILABILITY = YES_AGGRESSIVE;
				CLANG_WARN_UNREACHABLE_CODE = YES;
				CLANG_WARN__DUPLICATE_METHOD_MATCH = YES;
				COPY_PHASE_STRIP = NO;
				DEBUG_INFORMATION_FORMAT = dwarf;
				ENABLE_STRICT_OBJC_MSGSEND = YES;
				ENABLE_TESTABILITY = YES;
				GCC_C_LANGUAGE_STANDARD = gnu11;
				GCC_DYNAMIC_NO_PIC = NO;
				GCC_NO_COMMON_BLOCKS = YES;
				GCC_OPTIMIZATION_LEVEL = 0;
				GCC_PREPROCESSOR_DEFINITIONS = (
					"DEBUG=1",
					"$(inherited)",
				);
				GCC_WARN_64_TO_32_BIT_CONVERSION = YES;
				GCC_WARN_ABOUT_RETURN_TYPE = YES_ERROR;
				GCC_WARN_UNDECLARED_SELECTOR = YES;
				GCC_WARN_UNINITIALIZED_AUTOS = YES_AGGRESSIVE;
				GCC_WARN_UNUSED_FUNCTION = YES;
				GCC_WARN_UNUSED_VARIABLE = YES;
				IPHONEOS_DEPLOYMENT_TARGET = 14.5;
				MTL_ENABLE_DEBUG_INFO = INCLUDE_SOURCE;
				MTL_FAST_MATH = YES;
				ONLY_ACTIVE_ARCH = YES;
				SDKROOT = iphoneos;
				SWIFT_ACTIVE_COMPILATION_CONDITIONS = DEBUG;
				SWIFT_OPTIMIZATION_LEVEL = "-Onone";
			};
			name = Debug;
		};
		F5921F9726FB10BA001057AF /* Release */ = {
			isa = XCBuildConfiguration;
			buildSettings = {
				ALWAYS_SEARCH_USER_PATHS = NO;
				CLANG_ANALYZER_NONNULL = YES;
				CLANG_ANALYZER_NUMBER_OBJECT_CONVERSION = YES_AGGRESSIVE;
				CLANG_CXX_LANGUAGE_STANDARD = "gnu++14";
				CLANG_CXX_LIBRARY = "libc++";
				CLANG_ENABLE_MODULES = YES;
				CLANG_ENABLE_OBJC_ARC = YES;
				CLANG_ENABLE_OBJC_WEAK = YES;
				CLANG_WARN_BLOCK_CAPTURE_AUTORELEASING = YES;
				CLANG_WARN_BOOL_CONVERSION = YES;
				CLANG_WARN_COMMA = YES;
				CLANG_WARN_CONSTANT_CONVERSION = YES;
				CLANG_WARN_DEPRECATED_OBJC_IMPLEMENTATIONS = YES;
				CLANG_WARN_DIRECT_OBJC_ISA_USAGE = YES_ERROR;
				CLANG_WARN_DOCUMENTATION_COMMENTS = YES;
				CLANG_WARN_EMPTY_BODY = YES;
				CLANG_WARN_ENUM_CONVERSION = YES;
				CLANG_WARN_INFINITE_RECURSION = YES;
				CLANG_WARN_INT_CONVERSION = YES;
				CLANG_WARN_NON_LITERAL_NULL_CONVERSION = YES;
				CLANG_WARN_OBJC_IMPLICIT_RETAIN_SELF = YES;
				CLANG_WARN_OBJC_LITERAL_CONVERSION = YES;
				CLANG_WARN_OBJC_ROOT_CLASS = YES_ERROR;
				CLANG_WARN_QUOTED_INCLUDE_IN_FRAMEWORK_HEADER = YES;
				CLANG_WARN_RANGE_LOOP_ANALYSIS = YES;
				CLANG_WARN_STRICT_PROTOTYPES = YES;
				CLANG_WARN_SUSPICIOUS_MOVE = YES;
				CLANG_WARN_UNGUARDED_AVAILABILITY = YES_AGGRESSIVE;
				CLANG_WARN_UNREACHABLE_CODE = YES;
				CLANG_WARN__DUPLICATE_METHOD_MATCH = YES;
				COPY_PHASE_STRIP = NO;
				DEBUG_INFORMATION_FORMAT = "dwarf-with-dsym";
				ENABLE_NS_ASSERTIONS = NO;
				ENABLE_STRICT_OBJC_MSGSEND = YES;
				GCC_C_LANGUAGE_STANDARD = gnu11;
				GCC_NO_COMMON_BLOCKS = YES;
				GCC_WARN_64_TO_32_BIT_CONVERSION = YES;
				GCC_WARN_ABOUT_RETURN_TYPE = YES_ERROR;
				GCC_WARN_UNDECLARED_SELECTOR = YES;
				GCC_WARN_UNINITIALIZED_AUTOS = YES_AGGRESSIVE;
				GCC_WARN_UNUSED_FUNCTION = YES;
				GCC_WARN_UNUSED_VARIABLE = YES;
				IPHONEOS_DEPLOYMENT_TARGET = 14.5;
				MTL_ENABLE_DEBUG_INFO = NO;
				MTL_FAST_MATH = YES;
				SDKROOT = iphoneos;
				SWIFT_COMPILATION_MODE = wholemodule;
				SWIFT_OPTIMIZATION_LEVEL = "-O";
				VALIDATE_PRODUCT = YES;
			};
			name = Release;
		};
		F5921F9926FB10BA001057AF /* Debug */ = {
			isa = XCBuildConfiguration;
			baseConfigurationReference = 84DCB5ADEBDFC34E735FDDD6 /* Pods-GitTask.debug.xcconfig */;
			buildSettings = {
				ASSETCATALOG_COMPILER_APPICON_NAME = AppIcon;
				ASSETCATALOG_COMPILER_GLOBAL_ACCENT_COLOR_NAME = AccentColor;
				CODE_SIGN_STYLE = Automatic;
				DEVELOPMENT_TEAM = 6UHXWKF79J;
				INFOPLIST_FILE = GitTask/Info.plist;
				LD_RUNPATH_SEARCH_PATHS = (
					"$(inherited)",
					"@executable_path/Frameworks",
				);
				PRODUCT_BUNDLE_IDENTIFIER = repondez.moi.svp.GitTask;
				PRODUCT_NAME = "$(TARGET_NAME)";
				SWIFT_VERSION = 5.0;
				TARGETED_DEVICE_FAMILY = "1,2";
			};
			name = Debug;
		};
		F5921F9A26FB10BA001057AF /* Release */ = {
			isa = XCBuildConfiguration;
			baseConfigurationReference = 3B56B6B30FB6600D52E59D75 /* Pods-GitTask.release.xcconfig */;
			buildSettings = {
				ASSETCATALOG_COMPILER_APPICON_NAME = AppIcon;
				ASSETCATALOG_COMPILER_GLOBAL_ACCENT_COLOR_NAME = AccentColor;
				CODE_SIGN_STYLE = Automatic;
				DEVELOPMENT_TEAM = 6UHXWKF79J;
				INFOPLIST_FILE = GitTask/Info.plist;
				LD_RUNPATH_SEARCH_PATHS = (
					"$(inherited)",
					"@executable_path/Frameworks",
				);
				PRODUCT_BUNDLE_IDENTIFIER = repondez.moi.svp.GitTask;
				PRODUCT_NAME = "$(TARGET_NAME)";
				SWIFT_VERSION = 5.0;
				TARGETED_DEVICE_FAMILY = "1,2";
			};
			name = Release;
		};
/* End XCBuildConfiguration section */

/* Begin XCConfigurationList section */
		F5921F7F26FB10B8001057AF /* Build configuration list for PBXProject "GitTask" */ = {
			isa = XCConfigurationList;
			buildConfigurations = (
				F5921F9626FB10BA001057AF /* Debug */,
				F5921F9726FB10BA001057AF /* Release */,
			);
			defaultConfigurationIsVisible = 0;
			defaultConfigurationName = Release;
		};
		F5921F9826FB10BA001057AF /* Build configuration list for PBXNativeTarget "GitTask" */ = {
			isa = XCConfigurationList;
			buildConfigurations = (
				F5921F9926FB10BA001057AF /* Debug */,
				F5921F9A26FB10BA001057AF /* Release */,
			);
			defaultConfigurationIsVisible = 0;
			defaultConfigurationName = Release;
		};
/* End XCConfigurationList section */
	};
	rootObject = F5921F7C26FB10B8001057AF /* Project object */;
}
